// !$*UTF8*$!
{
	archiveVersion = 1;
	classes = {
	};
	objectVersion = 50;
	objects = {

/* Begin PBXBuildFile section */
		630D785620B1A7A8009075EA /* AppDelegate.swift in Sources */ = {isa = PBXBuildFile; fileRef = 630D785520B1A7A8009075EA /* AppDelegate.swift */; };
		630D785820B1A7A8009075EA /* ViewController.swift in Sources */ = {isa = PBXBuildFile; fileRef = 630D785720B1A7A8009075EA /* ViewController.swift */; };
		630D785B20B1A7A8009075EA /* Main.storyboard in Resources */ = {isa = PBXBuildFile; fileRef = 630D785920B1A7A8009075EA /* Main.storyboard */; };
		630D785D20B1A7A9009075EA /* Assets.xcassets in Resources */ = {isa = PBXBuildFile; fileRef = 630D785C20B1A7A9009075EA /* Assets.xcassets */; };
		630D786020B1A7A9009075EA /* LaunchScreen.storyboard in Resources */ = {isa = PBXBuildFile; fileRef = 630D785E20B1A7A9009075EA /* LaunchScreen.storyboard */; };
		CF88A04F679D46D3F35331AE /* Pods_Neighborhoods.framework in Frameworks */ = {isa = PBXBuildFile; fileRef = 1655AE1748A4F93AD65727D0 /* Pods_Neighborhoods.framework */; };
/* End PBXBuildFile section */

/* Begin PBXFileReference section */
		1655AE1748A4F93AD65727D0 /* Pods_Neighborhoods.framework */ = {isa = PBXFileReference; explicitFileType = wrapper.framework; includeInIndex = 0; path = Pods_Neighborhoods.framework; sourceTree = BUILT_PRODUCTS_DIR; };
		34CEC1B3008C52E3AFC095FF /* Pods-Neighborhoods.debug.xcconfig */ = {isa = PBXFileReference; includeInIndex = 1; lastKnownFileType = text.xcconfig; name = "Pods-Neighborhoods.debug.xcconfig"; path = "Pods/Target Support Files/Pods-Neighborhoods/Pods-Neighborhoods.debug.xcconfig"; sourceTree = "<group>"; };
		630D785220B1A7A8009075EA /* Neighborhoods.app */ = {isa = PBXFileReference; explicitFileType = wrapper.application; includeInIndex = 0; path = Neighborhoods.app; sourceTree = BUILT_PRODUCTS_DIR; };
		630D785520B1A7A8009075EA /* AppDelegate.swift */ = {isa = PBXFileReference; lastKnownFileType = sourcecode.swift; path = AppDelegate.swift; sourceTree = "<group>"; };
		630D785720B1A7A8009075EA /* ViewController.swift */ = {isa = PBXFileReference; lastKnownFileType = sourcecode.swift; path = ViewController.swift; sourceTree = "<group>"; };
		630D785A20B1A7A8009075EA /* Base */ = {isa = PBXFileReference; lastKnownFileType = file.storyboard; name = Base; path = Base.lproj/Main.storyboard; sourceTree = "<group>"; };
		630D785C20B1A7A9009075EA /* Assets.xcassets */ = {isa = PBXFileReference; lastKnownFileType = folder.assetcatalog; path = Assets.xcassets; sourceTree = "<group>"; };
		630D785F20B1A7A9009075EA /* Base */ = {isa = PBXFileReference; lastKnownFileType = file.storyboard; name = Base; path = Base.lproj/LaunchScreen.storyboard; sourceTree = "<group>"; };
		630D786120B1A7A9009075EA /* Info.plist */ = {isa = PBXFileReference; lastKnownFileType = text.plist.xml; path = Info.plist; sourceTree = "<group>"; };
		9920D7E744BE26E33003049E /* Pods-Neighborhoods.release.xcconfig */ = {isa = PBXFileReference; includeInIndex = 1; lastKnownFileType = text.xcconfig; name = "Pods-Neighborhoods.release.xcconfig"; path = "Pods/Target Support Files/Pods-Neighborhoods/Pods-Neighborhoods.release.xcconfig"; sourceTree = "<group>"; };
/* End PBXFileReference section */

/* Begin PBXFrameworksBuildPhase section */
		630D784F20B1A7A8009075EA /* Frameworks */ = {
			isa = PBXFrameworksBuildPhase;
			buildActionMask = 2147483647;
			files = (
				CF88A04F679D46D3F35331AE /* Pods_Neighborhoods.framework in Frameworks */,
			);
			runOnlyForDeploymentPostprocessing = 0;
		};
/* End PBXFrameworksBuildPhase section */

/* Begin PBXGroup section */
		630D784920B1A7A8009075EA = {
			isa = PBXGroup;
			children = (
				630D785420B1A7A8009075EA /* Neighborhoods */,
				630D785320B1A7A8009075EA /* Products */,
				F0D530B82C17E8521F14B1C1 /* Pods */,
				E109BDF9B1E4BD0B799C7DCB /* Frameworks */,
			);
			sourceTree = "<group>";
		};
		630D785320B1A7A8009075EA /* Products */ = {
			isa = PBXGroup;
			children = (
				630D785220B1A7A8009075EA /* Neighborhoods.app */,
			);
			name = Products;
			sourceTree = "<group>";
		};
		630D785420B1A7A8009075EA /* Neighborhoods */ = {
			isa = PBXGroup;
			children = (
				630D785520B1A7A8009075EA /* AppDelegate.swift */,
				630D785720B1A7A8009075EA /* ViewController.swift */,
				630D785920B1A7A8009075EA /* Main.storyboard */,
				630D785C20B1A7A9009075EA /* Assets.xcassets */,
				630D785E20B1A7A9009075EA /* LaunchScreen.storyboard */,
				630D786120B1A7A9009075EA /* Info.plist */,
			);
			path = Neighborhoods;
			sourceTree = "<group>";
		};
		E109BDF9B1E4BD0B799C7DCB /* Frameworks */ = {
			isa = PBXGroup;
			children = (
				1655AE1748A4F93AD65727D0 /* Pods_Neighborhoods.framework */,
			);
			name = Frameworks;
			sourceTree = "<group>";
		};
		F0D530B82C17E8521F14B1C1 /* Pods */ = {
			isa = PBXGroup;
			children = (
				34CEC1B3008C52E3AFC095FF /* Pods-Neighborhoods.debug.xcconfig */,
				9920D7E744BE26E33003049E /* Pods-Neighborhoods.release.xcconfig */,
			);
			name = Pods;
			sourceTree = "<group>";
		};
/* End PBXGroup section */

/* Begin PBXNativeTarget section */
		630D785120B1A7A8009075EA /* Neighborhoods */ = {
			isa = PBXNativeTarget;
			buildConfigurationList = 630D786420B1A7A9009075EA /* Build configuration list for PBXNativeTarget "Neighborhoods" */;
			buildPhases = (
				88DF4B9C7208228D8F047095 /* [CP] Check Pods Manifest.lock */,
				630D784E20B1A7A8009075EA /* Sources */,
				630D784F20B1A7A8009075EA /* Frameworks */,
				630D785020B1A7A8009075EA /* Resources */,
				3244F33A9D568704B06399EA /* [CP] Embed Pods Frameworks */,
			);
			buildRules = (
			);
			dependencies = (
			);
			name = Neighborhoods;
			productName = Neighborhoods;
			productReference = 630D785220B1A7A8009075EA /* Neighborhoods.app */;
			productType = "com.apple.product-type.application";
		};
/* End PBXNativeTarget section */

/* Begin PBXProject section */
		630D784A20B1A7A8009075EA /* Project object */ = {
			isa = PBXProject;
			attributes = {
				LastSwiftUpdateCheck = 0930;
				LastUpgradeCheck = 0930;
				ORGANIZATIONNAME = "Ezra Celli";
				TargetAttributes = {
					630D785120B1A7A8009075EA = {
						CreatedOnToolsVersion = 9.3.1;
					};
				};
			};
			buildConfigurationList = 630D784D20B1A7A8009075EA /* Build configuration list for PBXProject "Neighborhoods" */;
			compatibilityVersion = "Xcode 9.3";
			developmentRegion = en;
			hasScannedForEncodings = 0;
			knownRegions = (
				en,
				Base,
			);
			mainGroup = 630D784920B1A7A8009075EA;
			productRefGroup = 630D785320B1A7A8009075EA /* Products */;
			projectDirPath = "";
			projectRoot = "";
			targets = (
				630D785120B1A7A8009075EA /* Neighborhoods */,
			);
		};
/* End PBXProject section */

/* Begin PBXResourcesBuildPhase section */
		630D785020B1A7A8009075EA /* Resources */ = {
			isa = PBXResourcesBuildPhase;
			buildActionMask = 2147483647;
			files = (
				630D786020B1A7A9009075EA /* LaunchScreen.storyboard in Resources */,
				630D785D20B1A7A9009075EA /* Assets.xcassets in Resources */,
				630D785B20B1A7A8009075EA /* Main.storyboard in Resources */,
			);
			runOnlyForDeploymentPostprocessing = 0;
		};
/* End PBXResourcesBuildPhase section */

/* Begin PBXShellScriptBuildPhase section */
		3244F33A9D568704B06399EA /* [CP] Embed Pods Frameworks */ = {
			isa = PBXShellScriptBuildPhase;
			buildActionMask = 2147483647;
			files = (
			);
			inputPaths = (
				"${SRCROOT}/Pods/Target Support Files/Pods-Neighborhoods/Pods-Neighborhoods-frameworks.sh",
				"${BUILT_PRODUCTS_DIR}/MapboxGeocoder.swift/MapboxGeocoder.framework",
			);
			name = "[CP] Embed Pods Frameworks";
			outputPaths = (
				"${TARGET_BUILD_DIR}/${FRAMEWORKS_FOLDER_PATH}/MapboxGeocoder.framework",
			);
			runOnlyForDeploymentPostprocessing = 0;
			shellPath = /bin/sh;
			shellScript = "\"${SRCROOT}/Pods/Target Support Files/Pods-Neighborhoods/Pods-Neighborhoods-frameworks.sh\"\n";
			showEnvVarsInLog = 0;
		};
		88DF4B9C7208228D8F047095 /* [CP] Check Pods Manifest.lock */ = {
			isa = PBXShellScriptBuildPhase;
			buildActionMask = 2147483647;
			files = (
			);
			inputPaths = (
				"${PODS_PODFILE_DIR_PATH}/Podfile.lock",
				"${PODS_ROOT}/Manifest.lock",
			);
			name = "[CP] Check Pods Manifest.lock";
			outputPaths = (
				"$(DERIVED_FILE_DIR)/Pods-Neighborhoods-checkManifestLockResult.txt",
			);
			runOnlyForDeploymentPostprocessing = 0;
			shellPath = /bin/sh;
			shellScript = "diff \"${PODS_PODFILE_DIR_PATH}/Podfile.lock\" \"${PODS_ROOT}/Manifest.lock\" > /dev/null\nif [ $? != 0 ] ; then\n    # print error to STDERR\n    echo \"error: The sandbox is not in sync with the Podfile.lock. Run 'pod install' or update your CocoaPods installation.\" >&2\n    exit 1\nfi\n# This output is used by Xcode 'outputs' to avoid re-running this script phase.\necho \"SUCCESS\" > \"${SCRIPT_OUTPUT_FILE_0}\"\n";
			showEnvVarsInLog = 0;
		};
/* End PBXShellScriptBuildPhase section */

/* Begin PBXSourcesBuildPhase section */
		630D784E20B1A7A8009075EA /* Sources */ = {
			isa = PBXSourcesBuildPhase;
			buildActionMask = 2147483647;
			files = (
				630D785820B1A7A8009075EA /* ViewController.swift in Sources */,
				630D785620B1A7A8009075EA /* AppDelegate.swift in Sources */,
			);
			runOnlyForDeploymentPostprocessing = 0;
		};
/* End PBXSourcesBuildPhase section */

/* Begin PBXVariantGroup section */
		630D785920B1A7A8009075EA /* Main.storyboard */ = {
			isa = PBXVariantGroup;
			children = (
				630D785A20B1A7A8009075EA /* Base */,
			);
			name = Main.storyboard;
			sourceTree = "<group>";
		};
		630D785E20B1A7A9009075EA /* LaunchScreen.storyboard */ = {
			isa = PBXVariantGroup;
			children = (
				630D785F20B1A7A9009075EA /* Base */,
			);
			name = LaunchScreen.storyboard;
			sourceTree = "<group>";
		};
/* End PBXVariantGroup section */

/* Begin XCBuildConfiguration section */
		630D786220B1A7A9009075EA /* Debug */ = {
			isa = XCBuildConfiguration;
			buildSettings = {
				ALWAYS_SEARCH_USER_PATHS = NO;
				CLANG_ANALYZER_NONNULL = YES;
				CLANG_ANALYZER_NUMBER_OBJECT_CONVERSION = YES_AGGRESSIVE;
				CLANG_CXX_LANGUAGE_STANDARD = "gnu++14";
				CLANG_CXX_LIBRARY = "libc++";
				CLANG_ENABLE_MODULES = YES;
				CLANG_ENABLE_OBJC_ARC = YES;
				CLANG_ENABLE_OBJC_WEAK = YES;
				CLANG_WARN_BLOCK_CAPTURE_AUTORELEASING = YES;
				CLANG_WARN_BOOL_CONVERSION = YES;
				CLANG_WARN_COMMA = YES;
				CLANG_WARN_CONSTANT_CONVERSION = YES;
				CLANG_WARN_DEPRECATED_OBJC_IMPLEMENTATIONS = YES;
				CLANG_WARN_DIRECT_OBJC_ISA_USAGE = YES_ERROR;
				CLANG_WARN_DOCUMENTATION_COMMENTS = YES;
				CLANG_WARN_EMPTY_BODY = YES;
				CLANG_WARN_ENUM_CONVERSION = YES;
				CLANG_WARN_INFINITE_RECURSION = YES;
				CLANG_WARN_INT_CONVERSION = YES;
				CLANG_WARN_NON_LITERAL_NULL_CONVERSION = YES;
				CLANG_WARN_OBJC_IMPLICIT_RETAIN_SELF = YES;
				CLANG_WARN_OBJC_LITERAL_CONVERSION = YES;
				CLANG_WARN_OBJC_ROOT_CLASS = YES_ERROR;
				CLANG_WARN_RANGE_LOOP_ANALYSIS = YES;
				CLANG_WARN_STRICT_PROTOTYPES = YES;
				CLANG_WARN_SUSPICIOUS_MOVE = YES;
				CLANG_WARN_UNGUARDED_AVAILABILITY = YES_AGGRESSIVE;
				CLANG_WARN_UNREACHABLE_CODE = YES;
				CLANG_WARN__DUPLICATE_METHOD_MATCH = YES;
				CODE_SIGN_IDENTITY = "iPhone Developer";
				COPY_PHASE_STRIP = NO;
				DEBUG_INFORMATION_FORMAT = dwarf;
				ENABLE_STRICT_OBJC_MSGSEND = YES;
				ENABLE_TESTABILITY = YES;
				GCC_C_LANGUAGE_STANDARD = gnu11;
				GCC_DYNAMIC_NO_PIC = NO;
				GCC_NO_COMMON_BLOCKS = YES;
				GCC_OPTIMIZATION_LEVEL = 0;
				GCC_PREPROCESSOR_DEFINITIONS = (
					"DEBUG=1",
					"$(inherited)",
				);
				GCC_WARN_64_TO_32_BIT_CONVERSION = YES;
				GCC_WARN_ABOUT_RETURN_TYPE = YES_ERROR;
				GCC_WARN_UNDECLARED_SELECTOR = YES;
				GCC_WARN_UNINITIALIZED_AUTOS = YES_AGGRESSIVE;
				GCC_WARN_UNUSED_FUNCTION = YES;
				GCC_WARN_UNUSED_VARIABLE = YES;
				IPHONEOS_DEPLOYMENT_TARGET = 11.3;
				MTL_ENABLE_DEBUG_INFO = YES;
				ONLY_ACTIVE_ARCH = YES;
				SDKROOT = iphoneos;
				SWIFT_ACTIVE_COMPILATION_CONDITIONS = DEBUG;
				SWIFT_OPTIMIZATION_LEVEL = "-Onone";
			};
			name = Debug;
		};
		630D786320B1A7A9009075EA /* Release */ = {
			isa = XCBuildConfiguration;
			buildSettings = {
				ALWAYS_SEARCH_USER_PATHS = NO;
				CLANG_ANALYZER_NONNULL = YES;
				CLANG_ANALYZER_NUMBER_OBJECT_CONVERSION = YES_AGGRESSIVE;
				CLANG_CXX_LANGUAGE_STANDARD = "gnu++14";
				CLANG_CXX_LIBRARY = "libc++";
				CLANG_ENABLE_MODULES = YES;
				CLANG_ENABLE_OBJC_ARC = YES;
				CLANG_ENABLE_OBJC_WEAK = YES;
				CLANG_WARN_BLOCK_CAPTURE_AUTORELEASING = YES;
				CLANG_WARN_BOOL_CONVERSION = YES;
				CLANG_WARN_COMMA = YES;
				CLANG_WARN_CONSTANT_CONVERSION = YES;
				CLANG_WARN_DEPRECATED_OBJC_IMPLEMENTATIONS = YES;
				CLANG_WARN_DIRECT_OBJC_ISA_USAGE = YES_ERROR;
				CLANG_WARN_DOCUMENTATION_COMMENTS = YES;
				CLANG_WARN_EMPTY_BODY = YES;
				CLANG_WARN_ENUM_CONVERSION = YES;
				CLANG_WARN_INFINITE_RECURSION = YES;
				CLANG_WARN_INT_CONVERSION = YES;
				CLANG_WARN_NON_LITERAL_NULL_CONVERSION = YES;
				CLANG_WARN_OBJC_IMPLICIT_RETAIN_SELF = YES;
				CLANG_WARN_OBJC_LITERAL_CONVERSION = YES;
				CLANG_WARN_OBJC_ROOT_CLASS = YES_ERROR;
				CLANG_WARN_RANGE_LOOP_ANALYSIS = YES;
				CLANG_WARN_STRICT_PROTOTYPES = YES;
				CLANG_WARN_SUSPICIOUS_MOVE = YES;
				CLANG_WARN_UNGUARDED_AVAILABILITY = YES_AGGRESSIVE;
				CLANG_WARN_UNREACHABLE_CODE = YES;
				CLANG_WARN__DUPLICATE_METHOD_MATCH = YES;
				CODE_SIGN_IDENTITY = "iPhone Developer";
				COPY_PHASE_STRIP = NO;
				DEBUG_INFORMATION_FORMAT = "dwarf-with-dsym";
				ENABLE_NS_ASSERTIONS = NO;
				ENABLE_STRICT_OBJC_MSGSEND = YES;
				GCC_C_LANGUAGE_STANDARD = gnu11;
				GCC_NO_COMMON_BLOCKS = YES;
				GCC_WARN_64_TO_32_BIT_CONVERSION = YES;
				GCC_WARN_ABOUT_RETURN_TYPE = YES_ERROR;
				GCC_WARN_UNDECLARED_SELECTOR = YES;
				GCC_WARN_UNINITIALIZED_AUTOS = YES_AGGRESSIVE;
				GCC_WARN_UNUSED_FUNCTION = YES;
				GCC_WARN_UNUSED_VARIABLE = YES;
				IPHONEOS_DEPLOYMENT_TARGET = 11.3;
				MTL_ENABLE_DEBUG_INFO = NO;
				SDKROOT = iphoneos;
				SWIFT_COMPILATION_MODE = wholemodule;
				SWIFT_OPTIMIZATION_LEVEL = "-O";
				VALIDATE_PRODUCT = YES;
			};
			name = Release;
		};
		630D786520B1A7A9009075EA /* Debug */ = {
			isa = XCBuildConfiguration;
			baseConfigurationReference = 34CEC1B3008C52E3AFC095FF /* Pods-Neighborhoods.debug.xcconfig */;
			buildSettings = {
				ASSETCATALOG_COMPILER_APPICON_NAME = AppIcon;
				CODE_SIGN_STYLE = Automatic;
				DEVELOPMENT_TEAM = 6P864RKL65;
				INFOPLIST_FILE = Neighborhoods/Info.plist;
				LD_RUNPATH_SEARCH_PATHS = (
					"$(inherited)",
					"@executable_path/Frameworks",
				);
				PRODUCT_BUNDLE_IDENTIFIER = com.ezracelli.Neighborhoods;
				PRODUCT_NAME = "$(TARGET_NAME)";
				SWIFT_VERSION = 4.0;
				TARGETED_DEVICE_FAMILY = 1;
			};
			name = Debug;
		};
		630D786620B1A7A9009075EA /* Release */ = {
			isa = XCBuildConfiguration;
			baseConfigurationReference = 9920D7E744BE26E33003049E /* Pods-Neighborhoods.release.xcconfig */;
			buildSettings = {
				ASSETCATALOG_COMPILER_APPICON_NAME = AppIcon;
				CODE_SIGN_STYLE = Automatic;
				DEVELOPMENT_TEAM = 6P864RKL65;
				INFOPLIST_FILE = Neighborhoods/Info.plist;
				LD_RUNPATH_SEARCH_PATHS = (
					"$(inherited)",
					"@executable_path/Frameworks",
				);
				PRODUCT_BUNDLE_IDENTIFIER = com.ezracelli.Neighborhoods;
				PRODUCT_NAME = "$(TARGET_NAME)";
				SWIFT_VERSION = 4.0;
				TARGETED_DEVICE_FAMILY = 1;
			};
			name = Release;
		};
/* End XCBuildConfiguration section */

/* Begin XCConfigurationList section */
		630D784D20B1A7A8009075EA /* Build configuration list for PBXProject "Neighborhoods" */ = {
			isa = XCConfigurationList;
			buildConfigurations = (
				630D786220B1A7A9009075EA /* Debug */,
				630D786320B1A7A9009075EA /* Release */,
			);
			defaultConfigurationIsVisible = 0;
			defaultConfigurationName = Release;
		};
		630D786420B1A7A9009075EA /* Build configuration list for PBXNativeTarget "Neighborhoods" */ = {
			isa = XCConfigurationList;
			buildConfigurations = (
				630D786520B1A7A9009075EA /* Debug */,
				630D786620B1A7A9009075EA /* Release */,
			);
			defaultConfigurationIsVisible = 0;
			defaultConfigurationName = Release;
		};
/* End XCConfigurationList section */
	};
	rootObject = 630D784A20B1A7A8009075EA /* Project object */;
}
